// !$*UTF8*$!
{
	archiveVersion = 1;
	classes = {
	};
	objectVersion = 50;
	objects = {

/* Begin PBXBuildFile section */
		D8493B5F24C4DA5B00154CC9 /* SearchViewController.swift in Sources */ = {isa = PBXBuildFile; fileRef = D8493B5E24C4DA5B00154CC9 /* SearchViewController.swift */; };
		D8493B6124C4DA8F00154CC9 /* FavoritesListViewController.swift in Sources */ = {isa = PBXBuildFile; fileRef = D8493B6024C4DA8F00154CC9 /* FavoritesListViewController.swift */; };
		D86A8E9624CC8DC3004BCEB6 /* GitHubFollowersTitleLabel.swift in Sources */ = {isa = PBXBuildFile; fileRef = D86A8E9524CC8DC3004BCEB6 /* GitHubFollowersTitleLabel.swift */; };
		D86A8E9824CC8F3F004BCEB6 /* GitHubFollowersBodyLabel.swift in Sources */ = {isa = PBXBuildFile; fileRef = D86A8E9724CC8F3F004BCEB6 /* GitHubFollowersBodyLabel.swift */; };
		D86A8E9A24CC902C004BCEB6 /* GitHubFollowersAlertViewController.swift in Sources */ = {isa = PBXBuildFile; fileRef = D86A8E9924CC902C004BCEB6 /* GitHubFollowersAlertViewController.swift */; };
		D86A8E9C24CC99C9004BCEB6 /* UIViewControllerExtension.swift in Sources */ = {isa = PBXBuildFile; fileRef = D86A8E9B24CC99C9004BCEB6 /* UIViewControllerExtension.swift */; };
		D8898B9F24BFBF7900E9EFBE /* AppDelegate.swift in Sources */ = {isa = PBXBuildFile; fileRef = D8898B9E24BFBF7900E9EFBE /* AppDelegate.swift */; };
		D8898BA124BFBF7900E9EFBE /* SceneDelegate.swift in Sources */ = {isa = PBXBuildFile; fileRef = D8898BA024BFBF7900E9EFBE /* SceneDelegate.swift */; };
		D8898BA824BFBF7A00E9EFBE /* Assets.xcassets in Resources */ = {isa = PBXBuildFile; fileRef = D8898BA724BFBF7A00E9EFBE /* Assets.xcassets */; };
		D8898BAB24BFBF7A00E9EFBE /* LaunchScreen.storyboard in Resources */ = {isa = PBXBuildFile; fileRef = D8898BA924BFBF7A00E9EFBE /* LaunchScreen.storyboard */; };
		D8C35D1B24CB6550008AD074 /* FollowerListViewController.swift in Sources */ = {isa = PBXBuildFile; fileRef = D8C35D1A24CB6550008AD074 /* FollowerListViewController.swift */; };
		D8F4CF5E24C696AA004FAE24 /* GitHubFollowersButton.swift in Sources */ = {isa = PBXBuildFile; fileRef = D8F4CF5D24C696AA004FAE24 /* GitHubFollowersButton.swift */; };
		D8F4CF6024C699D2004FAE24 /* GitHubUserSearchTextField.swift in Sources */ = {isa = PBXBuildFile; fileRef = D8F4CF5F24C699D2004FAE24 /* GitHubUserSearchTextField.swift */; };
/* End PBXBuildFile section */

/* Begin PBXFileReference section */
		D8493B5E24C4DA5B00154CC9 /* SearchViewController.swift */ = {isa = PBXFileReference; lastKnownFileType = sourcecode.swift; path = SearchViewController.swift; sourceTree = "<group>"; };
		D8493B6024C4DA8F00154CC9 /* FavoritesListViewController.swift */ = {isa = PBXFileReference; lastKnownFileType = sourcecode.swift; path = FavoritesListViewController.swift; sourceTree = "<group>"; };
		D86A8E9524CC8DC3004BCEB6 /* GitHubFollowersTitleLabel.swift */ = {isa = PBXFileReference; lastKnownFileType = sourcecode.swift; path = GitHubFollowersTitleLabel.swift; sourceTree = "<group>"; };
		D86A8E9724CC8F3F004BCEB6 /* GitHubFollowersBodyLabel.swift */ = {isa = PBXFileReference; lastKnownFileType = sourcecode.swift; path = GitHubFollowersBodyLabel.swift; sourceTree = "<group>"; };
		D86A8E9924CC902C004BCEB6 /* GitHubFollowersAlertViewController.swift */ = {isa = PBXFileReference; lastKnownFileType = sourcecode.swift; path = GitHubFollowersAlertViewController.swift; sourceTree = "<group>"; };
		D86A8E9B24CC99C9004BCEB6 /* UIViewControllerExtension.swift */ = {isa = PBXFileReference; lastKnownFileType = sourcecode.swift; path = UIViewControllerExtension.swift; sourceTree = "<group>"; };
		D8898B9B24BFBF7900E9EFBE /* GitHubFollowers.app */ = {isa = PBXFileReference; explicitFileType = wrapper.application; includeInIndex = 0; path = GitHubFollowers.app; sourceTree = BUILT_PRODUCTS_DIR; };
		D8898B9E24BFBF7900E9EFBE /* AppDelegate.swift */ = {isa = PBXFileReference; lastKnownFileType = sourcecode.swift; path = AppDelegate.swift; sourceTree = "<group>"; };
		D8898BA024BFBF7900E9EFBE /* SceneDelegate.swift */ = {isa = PBXFileReference; lastKnownFileType = sourcecode.swift; path = SceneDelegate.swift; sourceTree = "<group>"; };
		D8898BA724BFBF7A00E9EFBE /* Assets.xcassets */ = {isa = PBXFileReference; lastKnownFileType = folder.assetcatalog; path = Assets.xcassets; sourceTree = "<group>"; };
		D8898BAA24BFBF7A00E9EFBE /* Base */ = {isa = PBXFileReference; lastKnownFileType = file.storyboard; name = Base; path = Base.lproj/LaunchScreen.storyboard; sourceTree = "<group>"; };
		D8898BAC24BFBF7A00E9EFBE /* Info.plist */ = {isa = PBXFileReference; lastKnownFileType = text.plist.xml; path = Info.plist; sourceTree = "<group>"; };
		D8C35D1A24CB6550008AD074 /* FollowerListViewController.swift */ = {isa = PBXFileReference; lastKnownFileType = sourcecode.swift; path = FollowerListViewController.swift; sourceTree = "<group>"; };
		D8F4CF5D24C696AA004FAE24 /* GitHubFollowersButton.swift */ = {isa = PBXFileReference; lastKnownFileType = sourcecode.swift; path = GitHubFollowersButton.swift; sourceTree = "<group>"; };
		D8F4CF5F24C699D2004FAE24 /* GitHubUserSearchTextField.swift */ = {isa = PBXFileReference; lastKnownFileType = sourcecode.swift; path = GitHubUserSearchTextField.swift; sourceTree = "<group>"; };
/* End PBXFileReference section */

/* Begin PBXFrameworksBuildPhase section */
		D8898B9824BFBF7900E9EFBE /* Frameworks */ = {
			isa = PBXFrameworksBuildPhase;
			buildActionMask = 2147483647;
			files = (
			);
			runOnlyForDeploymentPostprocessing = 0;
		};
/* End PBXFrameworksBuildPhase section */

/* Begin PBXGroup section */
		D856858224CC9EBC004E9EF4 /* ViewComponents */ = {
			isa = PBXGroup;
			children = (
				D8F4CF5F24C699D2004FAE24 /* GitHubUserSearchTextField.swift */,
				D8F4CF5D24C696AA004FAE24 /* GitHubFollowersButton.swift */,
				D86A8E9524CC8DC3004BCEB6 /* GitHubFollowersTitleLabel.swift */,
				D86A8E9724CC8F3F004BCEB6 /* GitHubFollowersBodyLabel.swift */,
			);
			path = ViewComponents;
			sourceTree = "<group>";
		};
		D86A8EA124CC9DD7004BCEB6 /* Controllers */ = {
			isa = PBXGroup;
			children = (
				D8493B5E24C4DA5B00154CC9 /* SearchViewController.swift */,
				D8493B6024C4DA8F00154CC9 /* FavoritesListViewController.swift */,
				D8C35D1A24CB6550008AD074 /* FollowerListViewController.swift */,
				D86A8E9924CC902C004BCEB6 /* GitHubFollowersAlertViewController.swift */,
			);
			path = Controllers;
			sourceTree = "<group>";
		};
		D86A8EA324CC9E24004BCEB6 /* Extensions */ = {
			isa = PBXGroup;
			children = (
				D86A8E9B24CC99C9004BCEB6 /* UIViewControllerExtension.swift */,
			);
			path = Extensions;
			sourceTree = "<group>";
		};
		D8898B9224BFBF7900E9EFBE = {
			isa = PBXGroup;
			children = (
				D8898B9D24BFBF7900E9EFBE /* GitHubFollowers */,
			);
			sourceTree = "<group>";
		};
		D8898B9C24BFBF7900E9EFBE /* Products */ = {
			isa = PBXGroup;
			children = (
				D8898B9B24BFBF7900E9EFBE /* GitHubFollowers.app */,
			);
			name = Products;
			path = ..;
			sourceTree = "<group>";
		};
		D8898B9D24BFBF7900E9EFBE /* GitHubFollowers */ = {
			isa = PBXGroup;
			children = (
				D856858224CC9EBC004E9EF4 /* ViewComponents */,
				D86A8EA324CC9E24004BCEB6 /* Extensions */,
				D86A8EA124CC9DD7004BCEB6 /* Controllers */,
				D8898B9E24BFBF7900E9EFBE /* AppDelegate.swift */,
				D8898BA024BFBF7900E9EFBE /* SceneDelegate.swift */,
				D8898B9C24BFBF7900E9EFBE /* Products */,
				D8898BA724BFBF7A00E9EFBE /* Assets.xcassets */,
				D8898BA924BFBF7A00E9EFBE /* LaunchScreen.storyboard */,
				D8898BAC24BFBF7A00E9EFBE /* Info.plist */,
			);
			path = GitHubFollowers;
			sourceTree = "<group>";
		};
/* End PBXGroup section */

/* Begin PBXNativeTarget section */
		D8898B9A24BFBF7900E9EFBE /* GitHubFollowers */ = {
			isa = PBXNativeTarget;
			buildConfigurationList = D8898BAF24BFBF7A00E9EFBE /* Build configuration list for PBXNativeTarget "GitHubFollowers" */;
			buildPhases = (
				D8898B9724BFBF7900E9EFBE /* Sources */,
				D8898B9824BFBF7900E9EFBE /* Frameworks */,
				D8898B9924BFBF7900E9EFBE /* Resources */,
			);
			buildRules = (
			);
			dependencies = (
			);
			name = GitHubFollowers;
			productName = GitHubFollowers;
			productReference = D8898B9B24BFBF7900E9EFBE /* GitHubFollowers.app */;
			productType = "com.apple.product-type.application";
		};
/* End PBXNativeTarget section */

/* Begin PBXProject section */
		D8898B9324BFBF7900E9EFBE /* Project object */ = {
			isa = PBXProject;
			attributes = {
				LastSwiftUpdateCheck = 1150;
				LastUpgradeCheck = 1150;
				ORGANIZATIONNAME = "Scott Enriquez";
				TargetAttributes = {
					D8898B9A24BFBF7900E9EFBE = {
						CreatedOnToolsVersion = 11.5;
					};
				};
			};
			buildConfigurationList = D8898B9624BFBF7900E9EFBE /* Build configuration list for PBXProject "GitHubFollowers" */;
			compatibilityVersion = "Xcode 9.3";
			developmentRegion = en;
			hasScannedForEncodings = 0;
			knownRegions = (
				en,
				Base,
			);
			mainGroup = D8898B9224BFBF7900E9EFBE;
			productRefGroup = D8898B9C24BFBF7900E9EFBE /* Products */;
			projectDirPath = "";
			projectRoot = "";
			targets = (
				D8898B9A24BFBF7900E9EFBE /* GitHubFollowers */,
			);
		};
/* End PBXProject section */

/* Begin PBXResourcesBuildPhase section */
		D8898B9924BFBF7900E9EFBE /* Resources */ = {
			isa = PBXResourcesBuildPhase;
			buildActionMask = 2147483647;
			files = (
				D8898BAB24BFBF7A00E9EFBE /* LaunchScreen.storyboard in Resources */,
				D8898BA824BFBF7A00E9EFBE /* Assets.xcassets in Resources */,
			);
			runOnlyForDeploymentPostprocessing = 0;
		};
/* End PBXResourcesBuildPhase section */

/* Begin PBXSourcesBuildPhase section */
		D8898B9724BFBF7900E9EFBE /* Sources */ = {
			isa = PBXSourcesBuildPhase;
			buildActionMask = 2147483647;
			files = (
				D8493B5F24C4DA5B00154CC9 /* SearchViewController.swift in Sources */,
				D8F4CF6024C699D2004FAE24 /* GitHubUserSearchTextField.swift in Sources */,
				D8898B9F24BFBF7900E9EFBE /* AppDelegate.swift in Sources */,
				D8C35D1B24CB6550008AD074 /* FollowerListViewController.swift in Sources */,
				D86A8E9624CC8DC3004BCEB6 /* GitHubFollowersTitleLabel.swift in Sources */,
				D8493B6124C4DA8F00154CC9 /* FavoritesListViewController.swift in Sources */,
				D86A8E9A24CC902C004BCEB6 /* GitHubFollowersAlertViewController.swift in Sources */,
				D86A8E9824CC8F3F004BCEB6 /* GitHubFollowersBodyLabel.swift in Sources */,
				D8F4CF5E24C696AA004FAE24 /* GitHubFollowersButton.swift in Sources */,
				D86A8E9C24CC99C9004BCEB6 /* UIViewControllerExtension.swift in Sources */,
				D8898BA124BFBF7900E9EFBE /* SceneDelegate.swift in Sources */,
			);
			runOnlyForDeploymentPostprocessing = 0;
		};
/* End PBXSourcesBuildPhase section */

/* Begin PBXVariantGroup section */
		D8898BA924BFBF7A00E9EFBE /* LaunchScreen.storyboard */ = {
			isa = PBXVariantGroup;
			children = (
				D8898BAA24BFBF7A00E9EFBE /* Base */,
			);
			name = LaunchScreen.storyboard;
			sourceTree = "<group>";
		};
/* End PBXVariantGroup section */

/* Begin XCBuildConfiguration section */
		D8898BAD24BFBF7A00E9EFBE /* Debug */ = {
			isa = XCBuildConfiguration;
			buildSettings = {
				ALWAYS_SEARCH_USER_PATHS = NO;
				CLANG_ANALYZER_NONNULL = YES;
				CLANG_ANALYZER_NUMBER_OBJECT_CONVERSION = YES_AGGRESSIVE;
				CLANG_CXX_LANGUAGE_STANDARD = "gnu++14";
				CLANG_CXX_LIBRARY = "libc++";
				CLANG_ENABLE_MODULES = YES;
				CLANG_ENABLE_OBJC_ARC = YES;
				CLANG_ENABLE_OBJC_WEAK = YES;
				CLANG_WARN_BLOCK_CAPTURE_AUTORELEASING = YES;
				CLANG_WARN_BOOL_CONVERSION = YES;
				CLANG_WARN_COMMA = YES;
				CLANG_WARN_CONSTANT_CONVERSION = YES;
				CLANG_WARN_DEPRECATED_OBJC_IMPLEMENTATIONS = YES;
				CLANG_WARN_DIRECT_OBJC_ISA_USAGE = YES_ERROR;
				CLANG_WARN_DOCUMENTATION_COMMENTS = YES;
				CLANG_WARN_EMPTY_BODY = YES;
				CLANG_WARN_ENUM_CONVERSION = YES;
				CLANG_WARN_INFINITE_RECURSION = YES;
				CLANG_WARN_INT_CONVERSION = YES;
				CLANG_WARN_NON_LITERAL_NULL_CONVERSION = YES;
				CLANG_WARN_OBJC_IMPLICIT_RETAIN_SELF = YES;
				CLANG_WARN_OBJC_LITERAL_CONVERSION = YES;
				CLANG_WARN_OBJC_ROOT_CLASS = YES_ERROR;
				CLANG_WARN_RANGE_LOOP_ANALYSIS = YES;
				CLANG_WARN_STRICT_PROTOTYPES = YES;
				CLANG_WARN_SUSPICIOUS_MOVE = YES;
				CLANG_WARN_UNGUARDED_AVAILABILITY = YES_AGGRESSIVE;
				CLANG_WARN_UNREACHABLE_CODE = YES;
				CLANG_WARN__DUPLICATE_METHOD_MATCH = YES;
				COPY_PHASE_STRIP = NO;
				DEBUG_INFORMATION_FORMAT = dwarf;
				ENABLE_STRICT_OBJC_MSGSEND = YES;
				ENABLE_TESTABILITY = YES;
				GCC_C_LANGUAGE_STANDARD = gnu11;
				GCC_DYNAMIC_NO_PIC = NO;
				GCC_NO_COMMON_BLOCKS = YES;
				GCC_OPTIMIZATION_LEVEL = 0;
				GCC_PREPROCESSOR_DEFINITIONS = (
					"DEBUG=1",
					"$(inherited)",
				);
				GCC_WARN_64_TO_32_BIT_CONVERSION = YES;
				GCC_WARN_ABOUT_RETURN_TYPE = YES_ERROR;
				GCC_WARN_UNDECLARED_SELECTOR = YES;
				GCC_WARN_UNINITIALIZED_AUTOS = YES_AGGRESSIVE;
				GCC_WARN_UNUSED_FUNCTION = YES;
				GCC_WARN_UNUSED_VARIABLE = YES;
				IPHONEOS_DEPLOYMENT_TARGET = 13.5;
				MTL_ENABLE_DEBUG_INFO = INCLUDE_SOURCE;
				MTL_FAST_MATH = YES;
				ONLY_ACTIVE_ARCH = YES;
				SDKROOT = iphoneos;
				SWIFT_ACTIVE_COMPILATION_CONDITIONS = DEBUG;
				SWIFT_OPTIMIZATION_LEVEL = "-Onone";
			};
			name = Debug;
		};
		D8898BAE24BFBF7A00E9EFBE /* Release */ = {
			isa = XCBuildConfiguration;
			buildSettings = {
				ALWAYS_SEARCH_USER_PATHS = NO;
				CLANG_ANALYZER_NONNULL = YES;
				CLANG_ANALYZER_NUMBER_OBJECT_CONVERSION = YES_AGGRESSIVE;
				CLANG_CXX_LANGUAGE_STANDARD = "gnu++14";
				CLANG_CXX_LIBRARY = "libc++";
				CLANG_ENABLE_MODULES = YES;
				CLANG_ENABLE_OBJC_ARC = YES;
				CLANG_ENABLE_OBJC_WEAK = YES;
				CLANG_WARN_BLOCK_CAPTURE_AUTORELEASING = YES;
				CLANG_WARN_BOOL_CONVERSION = YES;
				CLANG_WARN_COMMA = YES;
				CLANG_WARN_CONSTANT_CONVERSION = YES;
				CLANG_WARN_DEPRECATED_OBJC_IMPLEMENTATIONS = YES;
				CLANG_WARN_DIRECT_OBJC_ISA_USAGE = YES_ERROR;
				CLANG_WARN_DOCUMENTATION_COMMENTS = YES;
				CLANG_WARN_EMPTY_BODY = YES;
				CLANG_WARN_ENUM_CONVERSION = YES;
				CLANG_WARN_INFINITE_RECURSION = YES;
				CLANG_WARN_INT_CONVERSION = YES;
				CLANG_WARN_NON_LITERAL_NULL_CONVERSION = YES;
				CLANG_WARN_OBJC_IMPLICIT_RETAIN_SELF = YES;
				CLANG_WARN_OBJC_LITERAL_CONVERSION = YES;
				CLANG_WARN_OBJC_ROOT_CLASS = YES_ERROR;
				CLANG_WARN_RANGE_LOOP_ANALYSIS = YES;
				CLANG_WARN_STRICT_PROTOTYPES = YES;
				CLANG_WARN_SUSPICIOUS_MOVE = YES;
				CLANG_WARN_UNGUARDED_AVAILABILITY = YES_AGGRESSIVE;
				CLANG_WARN_UNREACHABLE_CODE = YES;
				CLANG_WARN__DUPLICATE_METHOD_MATCH = YES;
				COPY_PHASE_STRIP = NO;
				DEBUG_INFORMATION_FORMAT = "dwarf-with-dsym";
				ENABLE_NS_ASSERTIONS = NO;
				ENABLE_STRICT_OBJC_MSGSEND = YES;
				GCC_C_LANGUAGE_STANDARD = gnu11;
				GCC_NO_COMMON_BLOCKS = YES;
				GCC_WARN_64_TO_32_BIT_CONVERSION = YES;
				GCC_WARN_ABOUT_RETURN_TYPE = YES_ERROR;
				GCC_WARN_UNDECLARED_SELECTOR = YES;
				GCC_WARN_UNINITIALIZED_AUTOS = YES_AGGRESSIVE;
				GCC_WARN_UNUSED_FUNCTION = YES;
				GCC_WARN_UNUSED_VARIABLE = YES;
				IPHONEOS_DEPLOYMENT_TARGET = 13.5;
				MTL_ENABLE_DEBUG_INFO = NO;
				MTL_FAST_MATH = YES;
				SDKROOT = iphoneos;
				SWIFT_COMPILATION_MODE = wholemodule;
				SWIFT_OPTIMIZATION_LEVEL = "-O";
				VALIDATE_PRODUCT = YES;
			};
			name = Release;
		};
		D8898BB024BFBF7A00E9EFBE /* Debug */ = {
			isa = XCBuildConfiguration;
			buildSettings = {
				ASSETCATALOG_COMPILER_APPICON_NAME = AppIcon;
				CODE_SIGN_STYLE = Automatic;
				DEVELOPMENT_TEAM = 7M9B7VB2G9;
				INFOPLIST_FILE = GitHubFollowers/Info.plist;
				LD_RUNPATH_SEARCH_PATHS = (
					"$(inherited)",
					"@executable_path/Frameworks",
				);
				PRODUCT_BUNDLE_IDENTIFIER = xxx.scottie.GitHubFollowers;
				PRODUCT_NAME = "$(TARGET_NAME)";
				SWIFT_VERSION = 5.0;
				TARGETED_DEVICE_FAMILY = "1,2";
			};
			name = Debug;
		};
		D8898BB124BFBF7A00E9EFBE /* Release */ = {
			isa = XCBuildConfiguration;
			buildSettings = {
				ASSETCATALOG_COMPILER_APPICON_NAME = AppIcon;
				CODE_SIGN_STYLE = Automatic;
				DEVELOPMENT_TEAM = 7M9B7VB2G9;
				INFOPLIST_FILE = GitHubFollowers/Info.plist;
				LD_RUNPATH_SEARCH_PATHS = (
					"$(inherited)",
					"@executable_path/Frameworks",
				);
				PRODUCT_BUNDLE_IDENTIFIER = xxx.scottie.GitHubFollowers;
				PRODUCT_NAME = "$(TARGET_NAME)";
				SWIFT_VERSION = 5.0;
				TARGETED_DEVICE_FAMILY = "1,2";
			};
			name = Release;
		};
/* End XCBuildConfiguration section */

/* Begin XCConfigurationList section */
		D8898B9624BFBF7900E9EFBE /* Build configuration list for PBXProject "GitHubFollowers" */ = {
			isa = XCConfigurationList;
			buildConfigurations = (
				D8898BAD24BFBF7A00E9EFBE /* Debug */,
				D8898BAE24BFBF7A00E9EFBE /* Release */,
			);
			defaultConfigurationIsVisible = 0;
			defaultConfigurationName = Release;
		};
		D8898BAF24BFBF7A00E9EFBE /* Build configuration list for PBXNativeTarget "GitHubFollowers" */ = {
			isa = XCConfigurationList;
			buildConfigurations = (
				D8898BB024BFBF7A00E9EFBE /* Debug */,
				D8898BB124BFBF7A00E9EFBE /* Release */,
			);
			defaultConfigurationIsVisible = 0;
			defaultConfigurationName = Release;
		};
/* End XCConfigurationList section */
	};
	rootObject = D8898B9324BFBF7900E9EFBE /* Project object */;
}
